
Microsoft Visual Studio Solution File, Format Version 12.00
# Visual Studio Version 17
VisualStudioVersion = 17.14.37216.2 d17.14
MinimumVisualStudioVersion = 10.0.40219.1
Project("{FAE04EC0-301F-11D3-BF4B-00C04F79EFBC}") = "BookLibraryAPI", "BookLibraryAPI.csproj", "{7F4DE94A-1B40-4E74-AC41-2945FCA7C9A9}"
EndProject
Global
	GlobalSection(SolutionConfigurationPlatforms) = preSolution
		Debug|Any CPU = Debug|Any CPU
		Release|Any CPU = Release|Any CPU
	EndGlobalSection
	GlobalSection(ProjectConfigurationPlatforms) = postSolution
		{7F4DE94A-1B40-4E74-AC41-2945FCA7C9A9}.Debug|Any CPU.ActiveCfg = Debug|Any CPU
		{7F4DE94A-1B40-4E74-AC41-2945FCA7C9A9}.Debug|Any CPU.Build.0 = Debug|Any CPU
		{7F4DE94A-1B40-4E74-AC41-2945FCA7C9A9}.Release|Any CPU.ActiveCfg = Release|Any CPU
		{7F4DE94A-1B40-4E74-AC41-2945FCA7C9A9}.Release|Any CPU.Build.0 = Release|Any CPU
	EndGlobalSection
	GlobalSection(SolutionProperties) = preSolution
		HideSolutionNode = FALSE
	EndGlobalSection
	GlobalSection(ExtensibilityGlobals) = postSolution
		SolutionGuid = {F1BE8914-87EE-4294-8F07-8EF0A357017A}
	EndGlobalSection
EndGlobal
